// !$*UTF8*$!
{
	archiveVersion = 1;
	classes = {
	};
	objectVersion = 56;
	objects = {

/* Begin PBXBuildFile section */
		52EB5E245F011AFF39D13B21 /* Pods_StenoappAPICallingTests.framework in Frameworks */ = {isa = PBXBuildFile; fileRef = F3A1AA44AC29F405D0CDC9E7 /* Pods_StenoappAPICallingTests.framework */; };
		5635A31794E0CE0747CA1375 /* Pods_StenoappAPICalling_StenoappAPICallingUITests.framework in Frameworks */ = {isa = PBXBuildFile; fileRef = 2B159C6CADC18BC5E064EC80 /* Pods_StenoappAPICalling_StenoappAPICallingUITests.framework */; };
		BD745F582C1A32CD000534D8 /* NoDataView.swift in Sources */ = {isa = PBXBuildFile; fileRef = BD745F562C1A32CC000534D8 /* NoDataView.swift */; };
		BD745F592C1A32CD000534D8 /* NoDataView.xib in Resources */ = {isa = PBXBuildFile; fileRef = BD745F572C1A32CD000534D8 /* NoDataView.xib */; };
		BD82679C2C1A02F800640826 /* AppDelegate.swift in Sources */ = {isa = PBXBuildFile; fileRef = BD82679B2C1A02F800640826 /* AppDelegate.swift */; };
		BD82679E2C1A02F800640826 /* SceneDelegate.swift in Sources */ = {isa = PBXBuildFile; fileRef = BD82679D2C1A02F800640826 /* SceneDelegate.swift */; };
		BD8267A02C1A02F800640826 /* ViewController.swift in Sources */ = {isa = PBXBuildFile; fileRef = BD82679F2C1A02F800640826 /* ViewController.swift */; };
		BD8267A32C1A02F800640826 /* Base in Resources */ = {isa = PBXBuildFile; fileRef = BD8267A22C1A02F800640826 /* Base */; };
		BD8267A52C1A02F900640826 /* Assets.xcassets in Resources */ = {isa = PBXBuildFile; fileRef = BD8267A42C1A02F900640826 /* Assets.xcassets */; };
		BD8267A82C1A02F900640826 /* Base in Resources */ = {isa = PBXBuildFile; fileRef = BD8267A72C1A02F900640826 /* Base */; };
		BD8267B32C1A02FA00640826 /* StenoappAPICallingTests.swift in Sources */ = {isa = PBXBuildFile; fileRef = BD8267B22C1A02FA00640826 /* StenoappAPICallingTests.swift */; };
		BD8267BD2C1A02FA00640826 /* StenoappAPICallingUITests.swift in Sources */ = {isa = PBXBuildFile; fileRef = BD8267BC2C1A02FA00640826 /* StenoappAPICallingUITests.swift */; };
		BD8267BF2C1A02FA00640826 /* StenoappAPICallingUITestsLaunchTests.swift in Sources */ = {isa = PBXBuildFile; fileRef = BD8267BE2C1A02FA00640826 /* StenoappAPICallingUITestsLaunchTests.swift */; };
		BD8267D02C1A033400640826 /* Model.swift in Sources */ = {isa = PBXBuildFile; fileRef = BD8267CF2C1A033400640826 /* Model.swift */; };
		BD8267D32C1A06F700640826 /* HomeCollectionViewCell.swift in Sources */ = {isa = PBXBuildFile; fileRef = BD8267D22C1A06F700640826 /* HomeCollectionViewCell.swift */; };
		BD8267D52C1A13FE00640826 /* SubCategoryViewController.swift in Sources */ = {isa = PBXBuildFile; fileRef = BD8267D42C1A13FE00640826 /* SubCategoryViewController.swift */; };
		BD8267D72C1A141A00640826 /* SubCategoryTableViewCell.swift in Sources */ = {isa = PBXBuildFile; fileRef = BD8267D62C1A141A00640826 /* SubCategoryTableViewCell.swift */; };
		BD8267D92C1A148300640826 /* Color.xcassets in Resources */ = {isa = PBXBuildFile; fileRef = BD8267D82C1A148300640826 /* Color.xcassets */; };
		BD8267E12C1A222F00640826 /* NoInternetView.swift in Sources */ = {isa = PBXBuildFile; fileRef = BD8267DC2C1A222F00640826 /* NoInternetView.swift */; };
		BD8267E22C1A222F00640826 /* NoInternetView.xib in Resources */ = {isa = PBXBuildFile; fileRef = BD8267DD2C1A222F00640826 /* NoInternetView.xib */; };
		BDDB60882C1A4AEC00CA7537 /* DataListViewController.swift in Sources */ = {isa = PBXBuildFile; fileRef = BDDB60872C1A4AEC00CA7537 /* DataListViewController.swift */; };
		BDDB608D2C1A4B2A00CA7537 /* stenoTableViewCell.xib in Resources */ = {isa = PBXBuildFile; fileRef = BDDB60892C1A4B2A00CA7537 /* stenoTableViewCell.xib */; };
		BDDB608E2C1A4B2A00CA7537 /* stenoTableViewCell.swift in Sources */ = {isa = PBXBuildFile; fileRef = BDDB608A2C1A4B2A00CA7537 /* stenoTableViewCell.swift */; };
		BDDB608F2C1A4B2A00CA7537 /* DataListTableViewCell.xib in Resources */ = {isa = PBXBuildFile; fileRef = BDDB608B2C1A4B2A00CA7537 /* DataListTableViewCell.xib */; };
		BDDB60902C1A4B2A00CA7537 /* DataListTableViewCell.swift in Sources */ = {isa = PBXBuildFile; fileRef = BDDB608C2C1A4B2A00CA7537 /* DataListTableViewCell.swift */; };
		C3E63331674E8F3D7B298D4D /* Pods_StenoappAPICalling.framework in Frameworks */ = {isa = PBXBuildFile; fileRef = 53E5F94498DB6C2085A4EEC8 /* Pods_StenoappAPICalling.framework */; };
/* End PBXBuildFile section */

/* Begin PBXContainerItemProxy section */
		BD8267AF2C1A02FA00640826 /* PBXContainerItemProxy */ = {
			isa = PBXContainerItemProxy;
			containerPortal = BD8267902C1A02F800640826 /* Project object */;
			proxyType = 1;
			remoteGlobalIDString = BD8267972C1A02F800640826;
			remoteInfo = StenoappAPICalling;
		};
		BD8267B92C1A02FA00640826 /* PBXContainerItemProxy */ = {
			isa = PBXContainerItemProxy;
			containerPortal = BD8267902C1A02F800640826 /* Project object */;
			proxyType = 1;
			remoteGlobalIDString = BD8267972C1A02F800640826;
			remoteInfo = StenoappAPICalling;
		};
/* End PBXContainerItemProxy section */

/* Begin PBXFileReference section */
		1997A9AAD1E89F87BC0DEB03 /* Pods-StenoappAPICalling-StenoappAPICallingUITests.debug.xcconfig */ = {isa = PBXFileReference; includeInIndex = 1; lastKnownFileType = text.xcconfig; name = "Pods-StenoappAPICalling-StenoappAPICallingUITests.debug.xcconfig"; path = "Target Support Files/Pods-StenoappAPICalling-StenoappAPICallingUITests/Pods-StenoappAPICalling-StenoappAPICallingUITests.debug.xcconfig"; sourceTree = "<group>"; };
		2ACF24F7159BB3308F680547 /* Pods-StenoappAPICalling-StenoappAPICallingUITests.release.xcconfig */ = {isa = PBXFileReference; includeInIndex = 1; lastKnownFileType = text.xcconfig; name = "Pods-StenoappAPICalling-StenoappAPICallingUITests.release.xcconfig"; path = "Target Support Files/Pods-StenoappAPICalling-StenoappAPICallingUITests/Pods-StenoappAPICalling-StenoappAPICallingUITests.release.xcconfig"; sourceTree = "<group>"; };
		2B159C6CADC18BC5E064EC80 /* Pods_StenoappAPICalling_StenoappAPICallingUITests.framework */ = {isa = PBXFileReference; explicitFileType = wrapper.framework; includeInIndex = 0; path = Pods_StenoappAPICalling_StenoappAPICallingUITests.framework; sourceTree = BUILT_PRODUCTS_DIR; };
		47835D225E800A9B999827CB /* Pods-StenoappAPICalling.release.xcconfig */ = {isa = PBXFileReference; includeInIndex = 1; lastKnownFileType = text.xcconfig; name = "Pods-StenoappAPICalling.release.xcconfig"; path = "Target Support Files/Pods-StenoappAPICalling/Pods-StenoappAPICalling.release.xcconfig"; sourceTree = "<group>"; };
		53E5F94498DB6C2085A4EEC8 /* Pods_StenoappAPICalling.framework */ = {isa = PBXFileReference; explicitFileType = wrapper.framework; includeInIndex = 0; path = Pods_StenoappAPICalling.framework; sourceTree = BUILT_PRODUCTS_DIR; };
		570B1D46BDA6DC00EFBB4728 /* Pods-StenoappAPICallingTests.release.xcconfig */ = {isa = PBXFileReference; includeInIndex = 1; lastKnownFileType = text.xcconfig; name = "Pods-StenoappAPICallingTests.release.xcconfig"; path = "Target Support Files/Pods-StenoappAPICallingTests/Pods-StenoappAPICallingTests.release.xcconfig"; sourceTree = "<group>"; };
		69D8EC0326EC5D551E8D3022 /* Pods-StenoappAPICallingTests.debug.xcconfig */ = {isa = PBXFileReference; includeInIndex = 1; lastKnownFileType = text.xcconfig; name = "Pods-StenoappAPICallingTests.debug.xcconfig"; path = "Target Support Files/Pods-StenoappAPICallingTests/Pods-StenoappAPICallingTests.debug.xcconfig"; sourceTree = "<group>"; };
		7F3A1627481CEA689F9F5408 /* Pods-StenoappAPICalling.debug.xcconfig */ = {isa = PBXFileReference; includeInIndex = 1; lastKnownFileType = text.xcconfig; name = "Pods-StenoappAPICalling.debug.xcconfig"; path = "Target Support Files/Pods-StenoappAPICalling/Pods-StenoappAPICalling.debug.xcconfig"; sourceTree = "<group>"; };
		BD745F562C1A32CC000534D8 /* NoDataView.swift */ = {isa = PBXFileReference; fileEncoding = 4; lastKnownFileType = sourcecode.swift; path = NoDataView.swift; sourceTree = "<group>"; };
		BD745F572C1A32CD000534D8 /* NoDataView.xib */ = {isa = PBXFileReference; fileEncoding = 4; lastKnownFileType = file.xib; path = NoDataView.xib; sourceTree = "<group>"; };
		BD8267982C1A02F800640826 /* StenoappAPICalling.app */ = {isa = PBXFileReference; explicitFileType = wrapper.application; includeInIndex = 0; path = StenoappAPICalling.app; sourceTree = BUILT_PRODUCTS_DIR; };
		BD82679B2C1A02F800640826 /* AppDelegate.swift */ = {isa = PBXFileReference; lastKnownFileType = sourcecode.swift; path = AppDelegate.swift; sourceTree = "<group>"; };
		BD82679D2C1A02F800640826 /* SceneDelegate.swift */ = {isa = PBXFileReference; lastKnownFileType = sourcecode.swift; path = SceneDelegate.swift; sourceTree = "<group>"; };
		BD82679F2C1A02F800640826 /* ViewController.swift */ = {isa = PBXFileReference; lastKnownFileType = sourcecode.swift; path = ViewController.swift; sourceTree = "<group>"; };
		BD8267A22C1A02F800640826 /* Base */ = {isa = PBXFileReference; lastKnownFileType = file.storyboard; name = Base; path = Base.lproj/Main.storyboard; sourceTree = "<group>"; };
		BD8267A42C1A02F900640826 /* Assets.xcassets */ = {isa = PBXFileReference; lastKnownFileType = folder.assetcatalog; path = Assets.xcassets; sourceTree = "<group>"; };
		BD8267A72C1A02F900640826 /* Base */ = {isa = PBXFileReference; lastKnownFileType = file.storyboard; name = Base; path = Base.lproj/LaunchScreen.storyboard; sourceTree = "<group>"; };
		BD8267A92C1A02F900640826 /* Info.plist */ = {isa = PBXFileReference; lastKnownFileType = text.plist.xml; path = Info.plist; sourceTree = "<group>"; };
		BD8267AE2C1A02FA00640826 /* StenoappAPICallingTests.xctest */ = {isa = PBXFileReference; explicitFileType = wrapper.cfbundle; includeInIndex = 0; path = StenoappAPICallingTests.xctest; sourceTree = BUILT_PRODUCTS_DIR; };
		BD8267B22C1A02FA00640826 /* StenoappAPICallingTests.swift */ = {isa = PBXFileReference; lastKnownFileType = sourcecode.swift; path = StenoappAPICallingTests.swift; sourceTree = "<group>"; };
		BD8267B82C1A02FA00640826 /* StenoappAPICallingUITests.xctest */ = {isa = PBXFileReference; explicitFileType = wrapper.cfbundle; includeInIndex = 0; path = StenoappAPICallingUITests.xctest; sourceTree = BUILT_PRODUCTS_DIR; };
		BD8267BC2C1A02FA00640826 /* StenoappAPICallingUITests.swift */ = {isa = PBXFileReference; lastKnownFileType = sourcecode.swift; path = StenoappAPICallingUITests.swift; sourceTree = "<group>"; };
		BD8267BE2C1A02FA00640826 /* StenoappAPICallingUITestsLaunchTests.swift */ = {isa = PBXFileReference; lastKnownFileType = sourcecode.swift; path = StenoappAPICallingUITestsLaunchTests.swift; sourceTree = "<group>"; };
		BD8267CF2C1A033400640826 /* Model.swift */ = {isa = PBXFileReference; lastKnownFileType = sourcecode.swift; path = Model.swift; sourceTree = "<group>"; };
		BD8267D22C1A06F700640826 /* HomeCollectionViewCell.swift */ = {isa = PBXFileReference; lastKnownFileType = sourcecode.swift; path = HomeCollectionViewCell.swift; sourceTree = "<group>"; };
		BD8267D42C1A13FE00640826 /* SubCategoryViewController.swift */ = {isa = PBXFileReference; lastKnownFileType = sourcecode.swift; path = SubCategoryViewController.swift; sourceTree = "<group>"; };
		BD8267D62C1A141A00640826 /* SubCategoryTableViewCell.swift */ = {isa = PBXFileReference; lastKnownFileType = sourcecode.swift; path = SubCategoryTableViewCell.swift; sourceTree = "<group>"; };
		BD8267D82C1A148300640826 /* Color.xcassets */ = {isa = PBXFileReference; lastKnownFileType = folder.assetcatalog; path = Color.xcassets; sourceTree = "<group>"; };
		BD8267DC2C1A222F00640826 /* NoInternetView.swift */ = {isa = PBXFileReference; fileEncoding = 4; lastKnownFileType = sourcecode.swift; path = NoInternetView.swift; sourceTree = "<group>"; };
		BD8267DD2C1A222F00640826 /* NoInternetView.xib */ = {isa = PBXFileReference; fileEncoding = 4; lastKnownFileType = file.xib; path = NoInternetView.xib; sourceTree = "<group>"; };
		BDDB60872C1A4AEC00CA7537 /* DataListViewController.swift */ = {isa = PBXFileReference; lastKnownFileType = sourcecode.swift; path = DataListViewController.swift; sourceTree = "<group>"; };
		BDDB60892C1A4B2A00CA7537 /* stenoTableViewCell.xib */ = {isa = PBXFileReference; fileEncoding = 4; lastKnownFileType = file.xib; path = stenoTableViewCell.xib; sourceTree = "<group>"; };
		BDDB608A2C1A4B2A00CA7537 /* stenoTableViewCell.swift */ = {isa = PBXFileReference; fileEncoding = 4; lastKnownFileType = sourcecode.swift; path = stenoTableViewCell.swift; sourceTree = "<group>"; };
		BDDB608B2C1A4B2A00CA7537 /* DataListTableViewCell.xib */ = {isa = PBXFileReference; fileEncoding = 4; lastKnownFileType = file.xib; path = DataListTableViewCell.xib; sourceTree = "<group>"; };
		BDDB608C2C1A4B2A00CA7537 /* DataListTableViewCell.swift */ = {isa = PBXFileReference; fileEncoding = 4; lastKnownFileType = sourcecode.swift; path = DataListTableViewCell.swift; sourceTree = "<group>"; };
		F3A1AA44AC29F405D0CDC9E7 /* Pods_StenoappAPICallingTests.framework */ = {isa = PBXFileReference; explicitFileType = wrapper.framework; includeInIndex = 0; path = Pods_StenoappAPICallingTests.framework; sourceTree = BUILT_PRODUCTS_DIR; };
/* End PBXFileReference section */

/* Begin PBXFrameworksBuildPhase section */
		BD8267952C1A02F800640826 /* Frameworks */ = {
			isa = PBXFrameworksBuildPhase;
			buildActionMask = 2147483647;
			files = (
				C3E63331674E8F3D7B298D4D /* Pods_StenoappAPICalling.framework in Frameworks */,
			);
			runOnlyForDeploymentPostprocessing = 0;
		};
		BD8267AB2C1A02FA00640826 /* Frameworks */ = {
			isa = PBXFrameworksBuildPhase;
			buildActionMask = 2147483647;
			files = (
				52EB5E245F011AFF39D13B21 /* Pods_StenoappAPICallingTests.framework in Frameworks */,
			);
			runOnlyForDeploymentPostprocessing = 0;
		};
		BD8267B52C1A02FA00640826 /* Frameworks */ = {
			isa = PBXFrameworksBuildPhase;
			buildActionMask = 2147483647;
			files = (
				5635A31794E0CE0747CA1375 /* Pods_StenoappAPICalling_StenoappAPICallingUITests.framework in Frameworks */,
			);
			runOnlyForDeploymentPostprocessing = 0;
		};
/* End PBXFrameworksBuildPhase section */

/* Begin PBXGroup section */
		4CB743198F7FC66C855EBA86 /* Pods */ = {
			isa = PBXGroup;
			children = (
				7F3A1627481CEA689F9F5408 /* Pods-StenoappAPICalling.debug.xcconfig */,
				47835D225E800A9B999827CB /* Pods-StenoappAPICalling.release.xcconfig */,
				1997A9AAD1E89F87BC0DEB03 /* Pods-StenoappAPICalling-StenoappAPICallingUITests.debug.xcconfig */,
				2ACF24F7159BB3308F680547 /* Pods-StenoappAPICalling-StenoappAPICallingUITests.release.xcconfig */,
				69D8EC0326EC5D551E8D3022 /* Pods-StenoappAPICallingTests.debug.xcconfig */,
				570B1D46BDA6DC00EFBB4728 /* Pods-StenoappAPICallingTests.release.xcconfig */,
			);
			path = Pods;
			sourceTree = "<group>";
		};
		BD82678F2C1A02F800640826 = {
			isa = PBXGroup;
			children = (
				BD82679A2C1A02F800640826 /* StenoappAPICalling */,
				BD8267B12C1A02FA00640826 /* StenoappAPICallingTests */,
				BD8267BB2C1A02FA00640826 /* StenoappAPICallingUITests */,
				BD8267992C1A02F800640826 /* Products */,
				4CB743198F7FC66C855EBA86 /* Pods */,
				E676CBBDF8F23CBC667A05CD /* Frameworks */,
			);
			sourceTree = "<group>";
		};
		BD8267992C1A02F800640826 /* Products */ = {
			isa = PBXGroup;
			children = (
				BD8267982C1A02F800640826 /* StenoappAPICalling.app */,
				BD8267AE2C1A02FA00640826 /* StenoappAPICallingTests.xctest */,
				BD8267B82C1A02FA00640826 /* StenoappAPICallingUITests.xctest */,
			);
			name = Products;
			sourceTree = "<group>";
		};
		BD82679A2C1A02F800640826 /* StenoappAPICalling */ = {
			isa = PBXGroup;
			children = (
				BD8267CB2C1A030500640826 /* Delegate */,
				BD8267CE2C1A032900640826 /* Model */,
				BD8267CC2C1A031C00640826 /* Controller */,
				BD8267CD2C1A032300640826 /* View */,
				BD8267A42C1A02F900640826 /* Assets.xcassets */,
				BD8267D82C1A148300640826 /* Color.xcassets */,
				BD8267A92C1A02F900640826 /* Info.plist */,
			);
			path = StenoappAPICalling;
			sourceTree = "<group>";
		};
		BD8267B12C1A02FA00640826 /* StenoappAPICallingTests */ = {
			isa = PBXGroup;
			children = (
				BD8267B22C1A02FA00640826 /* StenoappAPICallingTests.swift */,
			);
			path = StenoappAPICallingTests;
			sourceTree = "<group>";
		};
		BD8267BB2C1A02FA00640826 /* StenoappAPICallingUITests */ = {
			isa = PBXGroup;
			children = (
				BD8267BC2C1A02FA00640826 /* StenoappAPICallingUITests.swift */,
				BD8267BE2C1A02FA00640826 /* StenoappAPICallingUITestsLaunchTests.swift */,
			);
			path = StenoappAPICallingUITests;
			sourceTree = "<group>";
		};
		BD8267CB2C1A030500640826 /* Delegate */ = {
			isa = PBXGroup;
			children = (
				BD82679B2C1A02F800640826 /* AppDelegate.swift */,
				BD82679D2C1A02F800640826 /* SceneDelegate.swift */,
			);
			path = Delegate;
			sourceTree = "<group>";
		};
		BD8267CC2C1A031C00640826 /* Controller */ = {
			isa = PBXGroup;
			children = (
				BD82679F2C1A02F800640826 /* ViewController.swift */,
				BD8267D42C1A13FE00640826 /* SubCategoryViewController.swift */,
				BDDB60872C1A4AEC00CA7537 /* DataListViewController.swift */,
			);
			path = Controller;
			sourceTree = "<group>";
		};
		BD8267CD2C1A032300640826 /* View */ = {
			isa = PBXGroup;
			children = (
				BD8267DE2C1A222F00640826 /* XIB */,
				BD8267D12C1A06B000640826 /* Cell */,
				BD8267A12C1A02F800640826 /* Main.storyboard */,
				BD8267A62C1A02F900640826 /* LaunchScreen.storyboard */,
			);
			path = View;
			sourceTree = "<group>";
		};
		BD8267CE2C1A032900640826 /* Model */ = {
			isa = PBXGroup;
			children = (
				BD8267CF2C1A033400640826 /* Model.swift */,
			);
			path = Model;
			sourceTree = "<group>";
		};
		BD8267D12C1A06B000640826 /* Cell */ = {
			isa = PBXGroup;
			children = (
				BDDB608A2C1A4B2A00CA7537 /* stenoTableViewCell.swift */,
				BDDB60892C1A4B2A00CA7537 /* stenoTableViewCell.xib */,
				BDDB608C2C1A4B2A00CA7537 /* DataListTableViewCell.swift */,
				BDDB608B2C1A4B2A00CA7537 /* DataListTableViewCell.xib */,
				BD8267D22C1A06F700640826 /* HomeCollectionViewCell.swift */,
				BD8267D62C1A141A00640826 /* SubCategoryTableViewCell.swift */,
			);
			path = Cell;
			sourceTree = "<group>";
		};
		BD8267DE2C1A222F00640826 /* XIB */ = {
			isa = PBXGroup;
			children = (
				BD745F562C1A32CC000534D8 /* NoDataView.swift */,
				BD745F572C1A32CD000534D8 /* NoDataView.xib */,
				BD8267DC2C1A222F00640826 /* NoInternetView.swift */,
				BD8267DD2C1A222F00640826 /* NoInternetView.xib */,
			);
			path = XIB;
			sourceTree = "<group>";
		};
		E676CBBDF8F23CBC667A05CD /* Frameworks */ = {
			isa = PBXGroup;
			children = (
				53E5F94498DB6C2085A4EEC8 /* Pods_StenoappAPICalling.framework */,
				2B159C6CADC18BC5E064EC80 /* Pods_StenoappAPICalling_StenoappAPICallingUITests.framework */,
				F3A1AA44AC29F405D0CDC9E7 /* Pods_StenoappAPICallingTests.framework */,
			);
			name = Frameworks;
			sourceTree = "<group>";
		};
/* End PBXGroup section */

/* Begin PBXNativeTarget section */
		BD8267972C1A02F800640826 /* StenoappAPICalling */ = {
			isa = PBXNativeTarget;
			buildConfigurationList = BD8267C22C1A02FA00640826 /* Build configuration list for PBXNativeTarget "StenoappAPICalling" */;
			buildPhases = (
				C74A960878BE4BF9AFC2B99B /* [CP] Check Pods Manifest.lock */,
				BD8267942C1A02F800640826 /* Sources */,
				BD8267952C1A02F800640826 /* Frameworks */,
				BD8267962C1A02F800640826 /* Resources */,
				3452C15502AE7E6BF4C3DB85 /* [CP] Embed Pods Frameworks */,
			);
			buildRules = (
			);
			dependencies = (
			);
			name = StenoappAPICalling;
			productName = StenoappAPICalling;
			productReference = BD8267982C1A02F800640826 /* StenoappAPICalling.app */;
			productType = "com.apple.product-type.application";
		};
		BD8267AD2C1A02FA00640826 /* StenoappAPICallingTests */ = {
			isa = PBXNativeTarget;
			buildConfigurationList = BD8267C52C1A02FA00640826 /* Build configuration list for PBXNativeTarget "StenoappAPICallingTests" */;
			buildPhases = (
				8BDD259361C81565EFC968B5 /* [CP] Check Pods Manifest.lock */,
				BD8267AA2C1A02FA00640826 /* Sources */,
				BD8267AB2C1A02FA00640826 /* Frameworks */,
				BD8267AC2C1A02FA00640826 /* Resources */,
			);
			buildRules = (
			);
			dependencies = (
				BD8267B02C1A02FA00640826 /* PBXTargetDependency */,
			);
			name = StenoappAPICallingTests;
			productName = StenoappAPICallingTests;
			productReference = BD8267AE2C1A02FA00640826 /* StenoappAPICallingTests.xctest */;
			productType = "com.apple.product-type.bundle.unit-test";
		};
		BD8267B72C1A02FA00640826 /* StenoappAPICallingUITests */ = {
			isa = PBXNativeTarget;
			buildConfigurationList = BD8267C82C1A02FA00640826 /* Build configuration list for PBXNativeTarget "StenoappAPICallingUITests" */;
			buildPhases = (
				B2B3164A510A66309F7AD31B /* [CP] Check Pods Manifest.lock */,
				BD8267B42C1A02FA00640826 /* Sources */,
				BD8267B52C1A02FA00640826 /* Frameworks */,
				BD8267B62C1A02FA00640826 /* Resources */,
				B17A77E5FFBE634917D21138 /* [CP] Embed Pods Frameworks */,
			);
			buildRules = (
			);
			dependencies = (
				BD8267BA2C1A02FA00640826 /* PBXTargetDependency */,
			);
			name = StenoappAPICallingUITests;
			productName = StenoappAPICallingUITests;
			productReference = BD8267B82C1A02FA00640826 /* StenoappAPICallingUITests.xctest */;
			productType = "com.apple.product-type.bundle.ui-testing";
		};
/* End PBXNativeTarget section */

/* Begin PBXProject section */
		BD8267902C1A02F800640826 /* Project object */ = {
			isa = PBXProject;
			attributes = {
				BuildIndependentTargetsInParallel = 1;
				LastSwiftUpdateCheck = 1530;
				LastUpgradeCheck = 1530;
				TargetAttributes = {
					BD8267972C1A02F800640826 = {
						CreatedOnToolsVersion = 15.3;
					};
					BD8267AD2C1A02FA00640826 = {
						CreatedOnToolsVersion = 15.3;
						TestTargetID = BD8267972C1A02F800640826;
					};
					BD8267B72C1A02FA00640826 = {
						CreatedOnToolsVersion = 15.3;
						TestTargetID = BD8267972C1A02F800640826;
					};
				};
			};
			buildConfigurationList = BD8267932C1A02F800640826 /* Build configuration list for PBXProject "StenoappAPICalling" */;
			compatibilityVersion = "Xcode 14.0";
			developmentRegion = en;
			hasScannedForEncodings = 0;
			knownRegions = (
				en,
				Base,
			);
			mainGroup = BD82678F2C1A02F800640826;
			productRefGroup = BD8267992C1A02F800640826 /* Products */;
			projectDirPath = "";
			projectRoot = "";
			targets = (
				BD8267972C1A02F800640826 /* StenoappAPICalling */,
				BD8267AD2C1A02FA00640826 /* StenoappAPICallingTests */,
				BD8267B72C1A02FA00640826 /* StenoappAPICallingUITests */,
			);
		};
/* End PBXProject section */

/* Begin PBXResourcesBuildPhase section */
		BD8267962C1A02F800640826 /* Resources */ = {
			isa = PBXResourcesBuildPhase;
			buildActionMask = 2147483647;
			files = (
				BD8267E22C1A222F00640826 /* NoInternetView.xib in Resources */,
				BD8267A52C1A02F900640826 /* Assets.xcassets in Resources */,
				BD8267A82C1A02F900640826 /* Base in Resources */,
				BD745F592C1A32CD000534D8 /* NoDataView.xib in Resources */,
				BDDB608D2C1A4B2A00CA7537 /* stenoTableViewCell.xib in Resources */,
				BDDB608F2C1A4B2A00CA7537 /* DataListTableViewCell.xib in Resources */,
				BD8267D92C1A148300640826 /* Color.xcassets in Resources */,
				BD8267A32C1A02F800640826 /* Base in Resources */,
			);
			runOnlyForDeploymentPostprocessing = 0;
		};
		BD8267AC2C1A02FA00640826 /* Resources */ = {
			isa = PBXResourcesBuildPhase;
			buildActionMask = 2147483647;
			files = (
			);
			runOnlyForDeploymentPostprocessing = 0;
		};
		BD8267B62C1A02FA00640826 /* Resources */ = {
			isa = PBXResourcesBuildPhase;
			buildActionMask = 2147483647;
			files = (
			);
			runOnlyForDeploymentPostprocessing = 0;
		};
/* End PBXResourcesBuildPhase section */

/* Begin PBXShellScriptBuildPhase section */
		3452C15502AE7E6BF4C3DB85 /* [CP] Embed Pods Frameworks */ = {
			isa = PBXShellScriptBuildPhase;
			buildActionMask = 2147483647;
			files = (
			);
			inputFileListPaths = (
				"${PODS_ROOT}/Target Support Files/Pods-StenoappAPICalling/Pods-StenoappAPICalling-frameworks-${CONFIGURATION}-input-files.xcfilelist",
			);
			name = "[CP] Embed Pods Frameworks";
			outputFileListPaths = (
				"${PODS_ROOT}/Target Support Files/Pods-StenoappAPICalling/Pods-StenoappAPICalling-frameworks-${CONFIGURATION}-output-files.xcfilelist",
			);
			runOnlyForDeploymentPostprocessing = 0;
			shellPath = /bin/sh;
			shellScript = "\"${PODS_ROOT}/Target Support Files/Pods-StenoappAPICalling/Pods-StenoappAPICalling-frameworks.sh\"\n";
			showEnvVarsInLog = 0;
		};
		8BDD259361C81565EFC968B5 /* [CP] Check Pods Manifest.lock */ = {
			isa = PBXShellScriptBuildPhase;
			buildActionMask = 2147483647;
			files = (
			);
			inputFileListPaths = (
			);
			inputPaths = (
				"${PODS_PODFILE_DIR_PATH}/Podfile.lock",
				"${PODS_ROOT}/Manifest.lock",
			);
			name = "[CP] Check Pods Manifest.lock";
			outputFileListPaths = (
			);
			outputPaths = (
				"$(DERIVED_FILE_DIR)/Pods-StenoappAPICallingTests-checkManifestLockResult.txt",
			);
			runOnlyForDeploymentPostprocessing = 0;
			shellPath = /bin/sh;
			shellScript = "diff \"${PODS_PODFILE_DIR_PATH}/Podfile.lock\" \"${PODS_ROOT}/Manifest.lock\" > /dev/null\nif [ $? != 0 ] ; then\n    # print error to STDERR\n    echo \"error: The sandbox is not in sync with the Podfile.lock. Run 'pod install' or update your CocoaPods installation.\" >&2\n    exit 1\nfi\n# This output is used by Xcode 'outputs' to avoid re-running this script phase.\necho \"SUCCESS\" > \"${SCRIPT_OUTPUT_FILE_0}\"\n";
			showEnvVarsInLog = 0;
		};
		B17A77E5FFBE634917D21138 /* [CP] Embed Pods Frameworks */ = {
			isa = PBXShellScriptBuildPhase;
			buildActionMask = 2147483647;
			files = (
			);
			inputFileListPaths = (
				"${PODS_ROOT}/Target Support Files/Pods-StenoappAPICalling-StenoappAPICallingUITests/Pods-StenoappAPICalling-StenoappAPICallingUITests-frameworks-${CONFIGURATION}-input-files.xcfilelist",
			);
			name = "[CP] Embed Pods Frameworks";
			outputFileListPaths = (
				"${PODS_ROOT}/Target Support Files/Pods-StenoappAPICalling-StenoappAPICallingUITests/Pods-StenoappAPICalling-StenoappAPICallingUITests-frameworks-${CONFIGURATION}-output-files.xcfilelist",
			);
			runOnlyForDeploymentPostprocessing = 0;
			shellPath = /bin/sh;
			shellScript = "\"${PODS_ROOT}/Target Support Files/Pods-StenoappAPICalling-StenoappAPICallingUITests/Pods-StenoappAPICalling-StenoappAPICallingUITests-frameworks.sh\"\n";
			showEnvVarsInLog = 0;
		};
		B2B3164A510A66309F7AD31B /* [CP] Check Pods Manifest.lock */ = {
			isa = PBXShellScriptBuildPhase;
			buildActionMask = 2147483647;
			files = (
			);
			inputFileListPaths = (
			);
			inputPaths = (
				"${PODS_PODFILE_DIR_PATH}/Podfile.lock",
				"${PODS_ROOT}/Manifest.lock",
			);
			name = "[CP] Check Pods Manifest.lock";
			outputFileListPaths = (
			);
			outputPaths = (
				"$(DERIVED_FILE_DIR)/Pods-StenoappAPICalling-StenoappAPICallingUITests-checkManifestLockResult.txt",
			);
			runOnlyForDeploymentPostprocessing = 0;
			shellPath = /bin/sh;
			shellScript = "diff \"${PODS_PODFILE_DIR_PATH}/Podfile.lock\" \"${PODS_ROOT}/Manifest.lock\" > /dev/null\nif [ $? != 0 ] ; then\n    # print error to STDERR\n    echo \"error: The sandbox is not in sync with the Podfile.lock. Run 'pod install' or update your CocoaPods installation.\" >&2\n    exit 1\nfi\n# This output is used by Xcode 'outputs' to avoid re-running this script phase.\necho \"SUCCESS\" > \"${SCRIPT_OUTPUT_FILE_0}\"\n";
			showEnvVarsInLog = 0;
		};
		C74A960878BE4BF9AFC2B99B /* [CP] Check Pods Manifest.lock */ = {
			isa = PBXShellScriptBuildPhase;
			buildActionMask = 2147483647;
			files = (
			);
			inputFileListPaths = (
			);
			inputPaths = (
				"${PODS_PODFILE_DIR_PATH}/Podfile.lock",
				"${PODS_ROOT}/Manifest.lock",
			);
			name = "[CP] Check Pods Manifest.lock";
			outputFileListPaths = (
			);
			outputPaths = (
				"$(DERIVED_FILE_DIR)/Pods-StenoappAPICalling-checkManifestLockResult.txt",
			);
			runOnlyForDeploymentPostprocessing = 0;
			shellPath = /bin/sh;
			shellScript = "diff \"${PODS_PODFILE_DIR_PATH}/Podfile.lock\" \"${PODS_ROOT}/Manifest.lock\" > /dev/null\nif [ $? != 0 ] ; then\n    # print error to STDERR\n    echo \"error: The sandbox is not in sync with the Podfile.lock. Run 'pod install' or update your CocoaPods installation.\" >&2\n    exit 1\nfi\n# This output is used by Xcode 'outputs' to avoid re-running this script phase.\necho \"SUCCESS\" > \"${SCRIPT_OUTPUT_FILE_0}\"\n";
			showEnvVarsInLog = 0;
		};
/* End PBXShellScriptBuildPhase section */

/* Begin PBXSourcesBuildPhase section */
		BD8267942C1A02F800640826 /* Sources */ = {
			isa = PBXSourcesBuildPhase;
			buildActionMask = 2147483647;
			files = (
				BDDB60882C1A4AEC00CA7537 /* DataListViewController.swift in Sources */,
				BD8267D32C1A06F700640826 /* HomeCollectionViewCell.swift in Sources */,
				BD8267D52C1A13FE00640826 /* SubCategoryViewController.swift in Sources */,
				BD8267A02C1A02F800640826 /* ViewController.swift in Sources */,
				BD82679C2C1A02F800640826 /* AppDelegate.swift in Sources */,
				BD82679E2C1A02F800640826 /* SceneDelegate.swift in Sources */,
				BD8267D02C1A033400640826 /* Model.swift in Sources */,
				BD8267D72C1A141A00640826 /* SubCategoryTableViewCell.swift in Sources */,
				BD745F582C1A32CD000534D8 /* NoDataView.swift in Sources */,
				BDDB60902C1A4B2A00CA7537 /* DataListTableViewCell.swift in Sources */,
				BD8267E12C1A222F00640826 /* NoInternetView.swift in Sources */,
				BDDB608E2C1A4B2A00CA7537 /* stenoTableViewCell.swift in Sources */,
			);
			runOnlyForDeploymentPostprocessing = 0;
		};
		BD8267AA2C1A02FA00640826 /* Sources */ = {
			isa = PBXSourcesBuildPhase;
			buildActionMask = 2147483647;
			files = (
				BD8267B32C1A02FA00640826 /* StenoappAPICallingTests.swift in Sources */,
			);
			runOnlyForDeploymentPostprocessing = 0;
		};
		BD8267B42C1A02FA00640826 /* Sources */ = {
			isa = PBXSourcesBuildPhase;
			buildActionMask = 2147483647;
			files = (
				BD8267BF2C1A02FA00640826 /* StenoappAPICallingUITestsLaunchTests.swift in Sources */,
				BD8267BD2C1A02FA00640826 /* StenoappAPICallingUITests.swift in Sources */,
			);
			runOnlyForDeploymentPostprocessing = 0;
		};
/* End PBXSourcesBuildPhase section */

/* Begin PBXTargetDependency section */
		BD8267B02C1A02FA00640826 /* PBXTargetDependency */ = {
			isa = PBXTargetDependency;
			target = BD8267972C1A02F800640826 /* StenoappAPICalling */;
			targetProxy = BD8267AF2C1A02FA00640826 /* PBXContainerItemProxy */;
		};
		BD8267BA2C1A02FA00640826 /* PBXTargetDependency */ = {
			isa = PBXTargetDependency;
			target = BD8267972C1A02F800640826 /* StenoappAPICalling */;
			targetProxy = BD8267B92C1A02FA00640826 /* PBXContainerItemProxy */;
		};
/* End PBXTargetDependency section */

/* Begin PBXVariantGroup section */
		BD8267A12C1A02F800640826 /* Main.storyboard */ = {
			isa = PBXVariantGroup;
			children = (
				BD8267A22C1A02F800640826 /* Base */,
			);
			name = Main.storyboard;
			sourceTree = "<group>";
		};
		BD8267A62C1A02F900640826 /* LaunchScreen.storyboard */ = {
			isa = PBXVariantGroup;
			children = (
				BD8267A72C1A02F900640826 /* Base */,
			);
			name = LaunchScreen.storyboard;
			sourceTree = "<group>";
		};
/* End PBXVariantGroup section */

/* Begin XCBuildConfiguration section */
		BD8267C02C1A02FA00640826 /* Debug */ = {
			isa = XCBuildConfiguration;
			buildSettings = {
				ALWAYS_SEARCH_USER_PATHS = NO;
				ASSETCATALOG_COMPILER_GENERATE_SWIFT_ASSET_SYMBOL_EXTENSIONS = YES;
				CLANG_ANALYZER_NONNULL = YES;
				CLANG_ANALYZER_NUMBER_OBJECT_CONVERSION = YES_AGGRESSIVE;
				CLANG_CXX_LANGUAGE_STANDARD = "gnu++20";
				CLANG_ENABLE_MODULES = YES;
				CLANG_ENABLE_OBJC_ARC = YES;
				CLANG_ENABLE_OBJC_WEAK = YES;
				CLANG_WARN_BLOCK_CAPTURE_AUTORELEASING = YES;
				CLANG_WARN_BOOL_CONVERSION = YES;
				CLANG_WARN_COMMA = YES;
				CLANG_WARN_CONSTANT_CONVERSION = YES;
				CLANG_WARN_DEPRECATED_OBJC_IMPLEMENTATIONS = YES;
				CLANG_WARN_DIRECT_OBJC_ISA_USAGE = YES_ERROR;
				CLANG_WARN_DOCUMENTATION_COMMENTS = YES;
				CLANG_WARN_EMPTY_BODY = YES;
				CLANG_WARN_ENUM_CONVERSION = YES;
				CLANG_WARN_INFINITE_RECURSION = YES;
				CLANG_WARN_INT_CONVERSION = YES;
				CLANG_WARN_NON_LITERAL_NULL_CONVERSION = YES;
				CLANG_WARN_OBJC_IMPLICIT_RETAIN_SELF = YES;
				CLANG_WARN_OBJC_LITERAL_CONVERSION = YES;
				CLANG_WARN_OBJC_ROOT_CLASS = YES_ERROR;
				CLANG_WARN_QUOTED_INCLUDE_IN_FRAMEWORK_HEADER = YES;
				CLANG_WARN_RANGE_LOOP_ANALYSIS = YES;
				CLANG_WARN_STRICT_PROTOTYPES = YES;
				CLANG_WARN_SUSPICIOUS_MOVE = YES;
				CLANG_WARN_UNGUARDED_AVAILABILITY = YES_AGGRESSIVE;
				CLANG_WARN_UNREACHABLE_CODE = YES;
				CLANG_WARN__DUPLICATE_METHOD_MATCH = YES;
				COPY_PHASE_STRIP = NO;
				DEBUG_INFORMATION_FORMAT = dwarf;
				ENABLE_STRICT_OBJC_MSGSEND = YES;
				ENABLE_TESTABILITY = YES;
				ENABLE_USER_SCRIPT_SANDBOXING = YES;
				GCC_C_LANGUAGE_STANDARD = gnu17;
				GCC_DYNAMIC_NO_PIC = NO;
				GCC_NO_COMMON_BLOCKS = YES;
				GCC_OPTIMIZATION_LEVEL = 0;
				GCC_PREPROCESSOR_DEFINITIONS = (
					"DEBUG=1",
					"$(inherited)",
				);
				GCC_WARN_64_TO_32_BIT_CONVERSION = YES;
				GCC_WARN_ABOUT_RETURN_TYPE = YES_ERROR;
				GCC_WARN_UNDECLARED_SELECTOR = YES;
				GCC_WARN_UNINITIALIZED_AUTOS = YES_AGGRESSIVE;
				GCC_WARN_UNUSED_FUNCTION = YES;
				GCC_WARN_UNUSED_VARIABLE = YES;
				IPHONEOS_DEPLOYMENT_TARGET = 17.4;
				LOCALIZATION_PREFERS_STRING_CATALOGS = YES;
				MTL_ENABLE_DEBUG_INFO = INCLUDE_SOURCE;
				MTL_FAST_MATH = YES;
				ONLY_ACTIVE_ARCH = YES;
				SDKROOT = iphoneos;
				SWIFT_ACTIVE_COMPILATION_CONDITIONS = "DEBUG $(inherited)";
				SWIFT_OPTIMIZATION_LEVEL = "-Onone";
			};
			name = Debug;
		};
		BD8267C12C1A02FA00640826 /* Release */ = {
			isa = XCBuildConfiguration;
			buildSettings = {
				ALWAYS_SEARCH_USER_PATHS = NO;
				ASSETCATALOG_COMPILER_GENERATE_SWIFT_ASSET_SYMBOL_EXTENSIONS = YES;
				CLANG_ANALYZER_NONNULL = YES;
				CLANG_ANALYZER_NUMBER_OBJECT_CONVERSION = YES_AGGRESSIVE;
				CLANG_CXX_LANGUAGE_STANDARD = "gnu++20";
				CLANG_ENABLE_MODULES = YES;
				CLANG_ENABLE_OBJC_ARC = YES;
				CLANG_ENABLE_OBJC_WEAK = YES;
				CLANG_WARN_BLOCK_CAPTURE_AUTORELEASING = YES;
				CLANG_WARN_BOOL_CONVERSION = YES;
				CLANG_WARN_COMMA = YES;
				CLANG_WARN_CONSTANT_CONVERSION = YES;
				CLANG_WARN_DEPRECATED_OBJC_IMPLEMENTATIONS = YES;
				CLANG_WARN_DIRECT_OBJC_ISA_USAGE = YES_ERROR;
				CLANG_WARN_DOCUMENTATION_COMMENTS = YES;
				CLANG_WARN_EMPTY_BODY = YES;
				CLANG_WARN_ENUM_CONVERSION = YES;
				CLANG_WARN_INFINITE_RECURSION = YES;
				CLANG_WARN_INT_CONVERSION = YES;
				CLANG_WARN_NON_LITERAL_NULL_CONVERSION = YES;
				CLANG_WARN_OBJC_IMPLICIT_RETAIN_SELF = YES;
				CLANG_WARN_OBJC_LITERAL_CONVERSION = YES;
				CLANG_WARN_OBJC_ROOT_CLASS = YES_ERROR;
				CLANG_WARN_QUOTED_INCLUDE_IN_FRAMEWORK_HEADER = YES;
				CLANG_WARN_RANGE_LOOP_ANALYSIS = YES;
				CLANG_WARN_STRICT_PROTOTYPES = YES;
				CLANG_WARN_SUSPICIOUS_MOVE = YES;
				CLANG_WARN_UNGUARDED_AVAILABILITY = YES_AGGRESSIVE;
				CLANG_WARN_UNREACHABLE_CODE = YES;
				CLANG_WARN__DUPLICATE_METHOD_MATCH = YES;
				COPY_PHASE_STRIP = NO;
				DEBUG_INFORMATION_FORMAT = "dwarf-with-dsym";
				ENABLE_NS_ASSERTIONS = NO;
				ENABLE_STRICT_OBJC_MSGSEND = YES;
				ENABLE_USER_SCRIPT_SANDBOXING = YES;
				GCC_C_LANGUAGE_STANDARD = gnu17;
				GCC_NO_COMMON_BLOCKS = YES;
				GCC_WARN_64_TO_32_BIT_CONVERSION = YES;
				GCC_WARN_ABOUT_RETURN_TYPE = YES_ERROR;
				GCC_WARN_UNDECLARED_SELECTOR = YES;
				GCC_WARN_UNINITIALIZED_AUTOS = YES_AGGRESSIVE;
				GCC_WARN_UNUSED_FUNCTION = YES;
				GCC_WARN_UNUSED_VARIABLE = YES;
				IPHONEOS_DEPLOYMENT_TARGET = 17.4;
				LOCALIZATION_PREFERS_STRING_CATALOGS = YES;
				MTL_ENABLE_DEBUG_INFO = NO;
				MTL_FAST_MATH = YES;
				SDKROOT = iphoneos;
				SWIFT_COMPILATION_MODE = wholemodule;
				VALIDATE_PRODUCT = YES;
			};
			name = Release;
		};
		BD8267C32C1A02FA00640826 /* Debug */ = {
			isa = XCBuildConfiguration;
			baseConfigurationReference = 7F3A1627481CEA689F9F5408 /* Pods-StenoappAPICalling.debug.xcconfig */;
			buildSettings = {
				ASSETCATALOG_COMPILER_APPICON_NAME = AppIcon;
				ASSETCATALOG_COMPILER_GLOBAL_ACCENT_COLOR_NAME = AccentColor;
				CODE_SIGN_STYLE = Automatic;
				CURRENT_PROJECT_VERSION = 1;
				ENABLE_USER_SCRIPT_SANDBOXING = NO;
				GENERATE_INFOPLIST_FILE = YES;
				INFOPLIST_FILE = StenoappAPICalling/Info.plist;
				INFOPLIST_KEY_UIApplicationSupportsIndirectInputEvents = YES;
				INFOPLIST_KEY_UILaunchStoryboardName = LaunchScreen;
				INFOPLIST_KEY_UIMainStoryboardFile = Main;
				INFOPLIST_KEY_UISupportedInterfaceOrientations_iPad = "UIInterfaceOrientationPortrait UIInterfaceOrientationPortraitUpsideDown UIInterfaceOrientationLandscapeLeft UIInterfaceOrientationLandscapeRight";
				INFOPLIST_KEY_UISupportedInterfaceOrientations_iPhone = "UIInterfaceOrientationPortrait UIInterfaceOrientationLandscapeLeft UIInterfaceOrientationLandscapeRight";
				LD_RUNPATH_SEARCH_PATHS = (
					"$(inherited)",
					"@executable_path/Frameworks",
				);
				MARKETING_VERSION = 1.0;
				PRODUCT_BUNDLE_IDENTIFIER = com.plexustechnology.StenoappAPICalling;
				PRODUCT_NAME = "$(TARGET_NAME)";
				SWIFT_EMIT_LOC_STRINGS = YES;
				SWIFT_VERSION = 5.0;
				TARGETED_DEVICE_FAMILY = "1,2";
			};
			name = Debug;
		};
		BD8267C42C1A02FA00640826 /* Release */ = {
			isa = XCBuildConfiguration;
			baseConfigurationReference = 47835D225E800A9B999827CB /* Pods-StenoappAPICalling.release.xcconfig */;
			buildSettings = {
				ASSETCATALOG_COMPILER_APPICON_NAME = AppIcon;
				ASSETCATALOG_COMPILER_GLOBAL_ACCENT_COLOR_NAME = AccentColor;
				CODE_SIGN_STYLE = Automatic;
				CURRENT_PROJECT_VERSION = 1;
				ENABLE_USER_SCRIPT_SANDBOXING = NO;
				GENERATE_INFOPLIST_FILE = YES;
				INFOPLIST_FILE = StenoappAPICalling/Info.plist;
				INFOPLIST_KEY_UIApplicationSupportsIndirectInputEvents = YES;
				INFOPLIST_KEY_UILaunchStoryboardName = LaunchScreen;
				INFOPLIST_KEY_UIMainStoryboardFile = Main;
				INFOPLIST_KEY_UISupportedInterfaceOrientations_iPad = "UIInterfaceOrientationPortrait UIInterfaceOrientationPortraitUpsideDown UIInterfaceOrientationLandscapeLeft UIInterfaceOrientationLandscapeRight";
				INFOPLIST_KEY_UISupportedInterfaceOrientations_iPhone = "UIInterfaceOrientationPortrait UIInterfaceOrientationLandscapeLeft UIInterfaceOrientationLandscapeRight";
				LD_RUNPATH_SEARCH_PATHS = (
					"$(inherited)",
					"@executable_path/Frameworks",
				);
				MARKETING_VERSION = 1.0;
				PRODUCT_BUNDLE_IDENTIFIER = com.plexustechnology.StenoappAPICalling;
				PRODUCT_NAME = "$(TARGET_NAME)";
				SWIFT_EMIT_LOC_STRINGS = YES;
				SWIFT_VERSION = 5.0;
				TARGETED_DEVICE_FAMILY = "1,2";
			};
			name = Release;
		};
		BD8267C62C1A02FA00640826 /* Debug */ = {
			isa = XCBuildConfiguration;
			baseConfigurationReference = 69D8EC0326EC5D551E8D3022 /* Pods-StenoappAPICallingTests.debug.xcconfig */;
			buildSettings = {
				ALWAYS_EMBED_SWIFT_STANDARD_LIBRARIES = YES;
				BUNDLE_LOADER = "$(TEST_HOST)";
				CODE_SIGN_STYLE = Automatic;
				CURRENT_PROJECT_VERSION = 1;
				GENERATE_INFOPLIST_FILE = YES;
				IPHONEOS_DEPLOYMENT_TARGET = 17.4;
				MARKETING_VERSION = 1.0;
				PRODUCT_BUNDLE_IDENTIFIER = com.plexustechnology.StenoappAPICallingTests;
				PRODUCT_NAME = "$(TARGET_NAME)";
				SWIFT_EMIT_LOC_STRINGS = NO;
				SWIFT_VERSION = 5.0;
				TARGETED_DEVICE_FAMILY = "1,2";
				TEST_HOST = "$(BUILT_PRODUCTS_DIR)/StenoappAPICalling.app/$(BUNDLE_EXECUTABLE_FOLDER_PATH)/StenoappAPICalling";
			};
			name = Debug;
		};
		BD8267C72C1A02FA00640826 /* Release */ = {
			isa = XCBuildConfiguration;
			baseConfigurationReference = 570B1D46BDA6DC00EFBB4728 /* Pods-StenoappAPICallingTests.release.xcconfig */;
			buildSettings = {
				ALWAYS_EMBED_SWIFT_STANDARD_LIBRARIES = YES;
				BUNDLE_LOADER = "$(TEST_HOST)";
				CODE_SIGN_STYLE = Automatic;
				CURRENT_PROJECT_VERSION = 1;
				GENERATE_INFOPLIST_FILE = YES;
				IPHONEOS_DEPLOYMENT_TARGET = 17.4;
				MARKETING_VERSION = 1.0;
				PRODUCT_BUNDLE_IDENTIFIER = com.plexustechnology.StenoappAPICallingTests;
				PRODUCT_NAME = "$(TARGET_NAME)";
				SWIFT_EMIT_LOC_STRINGS = NO;
				SWIFT_VERSION = 5.0;
				TARGETED_DEVICE_FAMILY = "1,2";
				TEST_HOST = "$(BUILT_PRODUCTS_DIR)/StenoappAPICalling.app/$(BUNDLE_EXECUTABLE_FOLDER_PATH)/StenoappAPICalling";
			};
			name = Release;
		};
		BD8267C92C1A02FA00640826 /* Debug */ = {
			isa = XCBuildConfiguration;
			baseConfigurationReference = 1997A9AAD1E89F87BC0DEB03 /* Pods-StenoappAPICalling-StenoappAPICallingUITests.debug.xcconfig */;
			buildSettings = {
				ALWAYS_EMBED_SWIFT_STANDARD_LIBRARIES = YES;
				CODE_SIGN_STYLE = Automatic;
				CURRENT_PROJECT_VERSION = 1;
				GENERATE_INFOPLIST_FILE = YES;
				MARKETING_VERSION = 1.0;
				PRODUCT_BUNDLE_IDENTIFIER = com.plexustechnology.StenoappAPICallingUITests;
				PRODUCT_NAME = "$(TARGET_NAME)";
				SWIFT_EMIT_LOC_STRINGS = NO;
				SWIFT_VERSION = 5.0;
				TARGETED_DEVICE_FAMILY = "1,2";
				TEST_TARGET_NAME = StenoappAPICalling;
			};
			name = Debug;
		};
		BD8267CA2C1A02FA00640826 /* Release */ = {
			isa = XCBuildConfiguration;
			baseConfigurationReference = 2ACF24F7159BB3308F680547 /* Pods-StenoappAPICalling-StenoappAPICallingUITests.release.xcconfig */;
			buildSettings = {
				ALWAYS_EMBED_SWIFT_STANDARD_LIBRARIES = YES;
				CODE_SIGN_STYLE = Automatic;
				CURRENT_PROJECT_VERSION = 1;
				GENERATE_INFOPLIST_FILE = YES;
				MARKETING_VERSION = 1.0;
				PRODUCT_BUNDLE_IDENTIFIER = com.plexustechnology.StenoappAPICallingUITests;
				PRODUCT_NAME = "$(TARGET_NAME)";
				SWIFT_EMIT_LOC_STRINGS = NO;
				SWIFT_VERSION = 5.0;
				TARGETED_DEVICE_FAMILY = "1,2";
				TEST_TARGET_NAME = StenoappAPICalling;
			};
			name = Release;
		};
/* End XCBuildConfiguration section */

/* Begin XCConfigurationList section */
		BD8267932C1A02F800640826 /* Build configuration list for PBXProject "StenoappAPICalling" */ = {
			isa = XCConfigurationList;
			buildConfigurations = (
				BD8267C02C1A02FA00640826 /* Debug */,
				BD8267C12C1A02FA00640826 /* Release */,
			);
			defaultConfigurationIsVisible = 0;
			defaultConfigurationName = Release;
		};
		BD8267C22C1A02FA00640826 /* Build configuration list for PBXNativeTarget "StenoappAPICalling" */ = {
			isa = XCConfigurationList;
			buildConfigurations = (
				BD8267C32C1A02FA00640826 /* Debug */,
				BD8267C42C1A02FA00640826 /* Release */,
			);
			defaultConfigurationIsVisible = 0;
			defaultConfigurationName = Release;
		};
		BD8267C52C1A02FA00640826 /* Build configuration list for PBXNativeTarget "StenoappAPICallingTests" */ = {
			isa = XCConfigurationList;
			buildConfigurations = (
				BD8267C62C1A02FA00640826 /* Debug */,
				BD8267C72C1A02FA00640826 /* Release */,
			);
			defaultConfigurationIsVisible = 0;
			defaultConfigurationName = Release;
		};
		BD8267C82C1A02FA00640826 /* Build configuration list for PBXNativeTarget "StenoappAPICallingUITests" */ = {
			isa = XCConfigurationList;
			buildConfigurations = (
				BD8267C92C1A02FA00640826 /* Debug */,
				BD8267CA2C1A02FA00640826 /* Release */,
			);
			defaultConfigurationIsVisible = 0;
			defaultConfigurationName = Release;
		};
/* End XCConfigurationList section */
	};
	rootObject = BD8267902C1A02F800640826 /* Project object */;
}
